
Microsoft Visual Studio Solution File, Format Version 12.00
# Visual Studio Version 17
VisualStudioVersion = 17.8.34330.188
MinimumVisualStudioVersion = 10.0.40219.1
Project("{9A19103F-16F7-4668-BE54-9A1E7A4F7556}") = "testpublish.wpf", "testpublish.wpf\testpublish.wpf.csproj", "{DFBA6A93-6ED1-42BD-984D-EB201CA350E2}"
EndProject
Project("{C7167F0D-BC9F-4E6E-AFE1-012C56B48DB5}") = "WapProjTemplate1", "WapProjTemplate1\WapProjTemplate1.wapproj", "{91793D61-60FE-4883-9C5E-796C40553090}"
EndProject
Project("{C7167F0D-BC9F-4E6E-AFE1-012C56B48DB5}") = "WapProjTemplate2", "WapProjTemplate2\WapProjTemplate2.wapproj", "{D8D0EFDE-DAEA-41A9-AC18-58DAAA228471}"
EndProject
Project("{C7167F0D-BC9F-4E6E-AFE1-012C56B48DB5}") = "WapProjTemplate3", "WapProjTemplate3\WapProjTemplate3.wapproj", "{56BAAEA1-0E77-443E-8DC6-F188ED880587}"
EndProject
Global
	GlobalSection(SolutionConfigurationPlatforms) = preSolution
		Debug|Any CPU = Debug|Any CPU
		Debug|ARM = Debug|ARM
		Debug|ARM64 = Debug|ARM64
		Debug|x64 = Debug|x64
		Debug|x86 = Debug|x86
		Release|Any CPU = Release|Any CPU
		Release|ARM = Release|ARM
		Release|ARM64 = Release|ARM64
		Release|x64 = Release|x64
		Release|x86 = Release|x86
	EndGlobalSection
	GlobalSection(ProjectConfigurationPlatforms) = postSolution
		{DFBA6A93-6ED1-42BD-984D-EB201CA350E2}.Debug|Any CPU.ActiveCfg = Debug|x64
		{DFBA6A93-6ED1-42BD-984D-EB201CA350E2}.Debug|Any CPU.Build.0 = Debug|x64
		{DFBA6A93-6ED1-42BD-984D-EB201CA350E2}.Debug|ARM.ActiveCfg = Debug|Any CPU
		{DFBA6A93-6ED1-42BD-984D-EB201CA350E2}.Debug|ARM.Build.0 = Debug|Any CPU
		{DFBA6A93-6ED1-42BD-984D-EB201CA350E2}.Debug|ARM64.ActiveCfg = Debug|Any CPU
		{DFBA6A93-6ED1-42BD-984D-EB201CA350E2}.Debug|ARM64.Build.0 = Debug|Any CPU
		{DFBA6A93-6ED1-42BD-984D-EB201CA350E2}.Debug|x64.ActiveCfg = Debug|Any CPU
		{DFBA6A93-6ED1-42BD-984D-EB201CA350E2}.Debug|x64.Build.0 = Debug|Any CPU
		{DFBA6A93-6ED1-42BD-984D-EB201CA350E2}.Debug|x86.ActiveCfg = Debug|Any CPU
		{DFBA6A93-6ED1-42BD-984D-EB201CA350E2}.Debug|x86.Build.0 = Debug|Any CPU
		{DFBA6A93-6ED1-42BD-984D-EB201CA350E2}.Release|Any CPU.ActiveCfg = Release|x64
		{DFBA6A93-6ED1-42BD-984D-EB201CA350E2}.Release|Any CPU.Build.0 = Release|x64
		{DFBA6A93-6ED1-42BD-984D-EB201CA350E2}.Release|ARM.ActiveCfg = Release|Any CPU
		{DFBA6A93-6ED1-42BD-984D-EB201CA350E2}.Release|ARM.Build.0 = Release|Any CPU
		{DFBA6A93-6ED1-42BD-984D-EB201CA350E2}.Release|ARM64.ActiveCfg = Release|Any CPU
		{DFBA6A93-6ED1-42BD-984D-EB201CA350E2}.Release|ARM64.Build.0 = Release|Any CPU
		{DFBA6A93-6ED1-42BD-984D-EB201CA350E2}.Release|x64.ActiveCfg = Release|x64
		{DFBA6A93-6ED1-42BD-984D-EB201CA350E2}.Release|x64.Build.0 = Release|x64
		{DFBA6A93-6ED1-42BD-984D-EB201CA350E2}.Release|x86.ActiveCfg = Release|Any CPU
		{DFBA6A93-6ED1-42BD-984D-EB201CA350E2}.Release|x86.Build.0 = Release|Any CPU
		{91793D61-60FE-4883-9C5E-796C40553090}.Debug|Any CPU.ActiveCfg = Debug|x64
		{91793D61-60FE-4883-9C5E-796C40553090}.Debug|Any CPU.Build.0 = Debug|x64
		{91793D61-60FE-4883-9C5E-796C40553090}.Debug|Any CPU.Deploy.0 = Debug|x64
		{91793D61-60FE-4883-9C5E-796C40553090}.Debug|ARM.ActiveCfg = Debug|ARM
		{91793D61-60FE-4883-9C5E-796C40553090}.Debug|ARM.Build.0 = Debug|ARM
		{91793D61-60FE-4883-9C5E-796C40553090}.Debug|ARM.Deploy.0 = Debug|ARM
		{91793D61-60FE-4883-9C5E-796C40553090}.Debug|ARM64.ActiveCfg = Debug|ARM64
		{91793D61-60FE-4883-9C5E-796C40553090}.Debug|ARM64.Build.0 = Debug|ARM64
		{91793D61-60FE-4883-9C5E-796C40553090}.Debug|ARM64.Deploy.0 = Debug|ARM64
		{91793D61-60FE-4883-9C5E-796C40553090}.Debug|x64.ActiveCfg = Debug|x64
		{91793D61-60FE-4883-9C5E-796C40553090}.Debug|x64.Build.0 = Debug|x64
		{91793D61-60FE-4883-9C5E-796C40553090}.Debug|x64.Deploy.0 = Debug|x64
		{91793D61-60FE-4883-9C5E-796C40553090}.Debug|x86.ActiveCfg = Debug|x86
		{91793D61-60FE-4883-9C5E-796C40553090}.Debug|x86.Build.0 = Debug|x86
		{91793D61-60FE-4883-9C5E-796C40553090}.Debug|x86.Deploy.0 = Debug|x86
		{91793D61-60FE-4883-9C5E-796C40553090}.Release|Any CPU.ActiveCfg = Release|x64
		{91793D61-60FE-4883-9C5E-796C40553090}.Release|Any CPU.Build.0 = Release|x64
		{91793D61-60FE-4883-9C5E-796C40553090}.Release|Any CPU.Deploy.0 = Release|x64
		{91793D61-60FE-4883-9C5E-796C40553090}.Release|ARM.ActiveCfg = Release|ARM
		{91793D61-60FE-4883-9C5E-796C40553090}.Release|ARM.Build.0 = Release|ARM
		{91793D61-60FE-4883-9C5E-796C40553090}.Release|ARM.Deploy.0 = Release|ARM
		{91793D61-60FE-4883-9C5E-796C40553090}.Release|ARM64.ActiveCfg = Release|ARM64
		{91793D61-60FE-4883-9C5E-796C40553090}.Release|ARM64.Build.0 = Release|ARM64
		{91793D61-60FE-4883-9C5E-796C40553090}.Release|ARM64.Deploy.0 = Release|ARM64
		{91793D61-60FE-4883-9C5E-796C40553090}.Release|x64.ActiveCfg = Release|x64
		{91793D61-60FE-4883-9C5E-796C40553090}.Release|x64.Build.0 = Release|x64
		{91793D61-60FE-4883-9C5E-796C40553090}.Release|x64.Deploy.0 = Release|x64
		{91793D61-60FE-4883-9C5E-796C40553090}.Release|x86.ActiveCfg = Release|x86
		{91793D61-60FE-4883-9C5E-796C40553090}.Release|x86.Build.0 = Release|x86
		{91793D61-60FE-4883-9C5E-796C40553090}.Release|x86.Deploy.0 = Release|x86
		{D8D0EFDE-DAEA-41A9-AC18-58DAAA228471}.Debug|Any CPU.ActiveCfg = Debug|Any CPU
		{D8D0EFDE-DAEA-41A9-AC18-58DAAA228471}.Debug|Any CPU.Build.0 = Debug|Any CPU
		{D8D0EFDE-DAEA-41A9-AC18-58DAAA228471}.Debug|Any CPU.Deploy.0 = Debug|Any CPU
		{D8D0EFDE-DAEA-41A9-AC18-58DAAA228471}.Debug|ARM.ActiveCfg = Debug|ARM
		{D8D0EFDE-DAEA-41A9-AC18-58DAAA228471}.Debug|ARM.Build.0 = Debug|ARM
		{D8D0EFDE-DAEA-41A9-AC18-58DAAA228471}.Debug|ARM.Deploy.0 = Debug|ARM
		{D8D0EFDE-DAEA-41A9-AC18-58DAAA228471}.Debug|ARM64.ActiveCfg = Debug|ARM64
		{D8D0EFDE-DAEA-41A9-AC18-58DAAA228471}.Debug|ARM64.Build.0 = Debug|ARM64
		{D8D0EFDE-DAEA-41A9-AC18-58DAAA228471}.Debug|ARM64.Deploy.0 = Debug|ARM64
		{D8D0EFDE-DAEA-41A9-AC18-58DAAA228471}.Debug|x64.ActiveCfg = Debug|x64
		{D8D0EFDE-DAEA-41A9-AC18-58DAAA228471}.Debug|x64.Build.0 = Debug|x64
		{D8D0EFDE-DAEA-41A9-AC18-58DAAA228471}.Debug|x64.Deploy.0 = Debug|x64
		{D8D0EFDE-DAEA-41A9-AC18-58DAAA228471}.Debug|x86.ActiveCfg = Debug|x86
		{D8D0EFDE-DAEA-41A9-AC18-58DAAA228471}.Debug|x86.Build.0 = Debug|x86
		{D8D0EFDE-DAEA-41A9-AC18-58DAAA228471}.Debug|x86.Deploy.0 = Debug|x86
		{D8D0EFDE-DAEA-41A9-AC18-58DAAA228471}.Release|Any CPU.ActiveCfg = Release|Any CPU
		{D8D0EFDE-DAEA-41A9-AC18-58DAAA228471}.Release|Any CPU.Build.0 = Release|Any CPU
		{D8D0EFDE-DAEA-41A9-AC18-58DAAA228471}.Release|Any CPU.Deploy.0 = Release|Any CPU
		{D8D0EFDE-DAEA-41A9-AC18-58DAAA228471}.Release|ARM.ActiveCfg = Release|ARM
		{D8D0EFDE-DAEA-41A9-AC18-58DAAA228471}.Release|ARM.Build.0 = Release|ARM
		{D8D0EFDE-DAEA-41A9-AC18-58DAAA228471}.Release|ARM.Deploy.0 = Release|ARM
		{D8D0EFDE-DAEA-41A9-AC18-58DAAA228471}.Release|ARM64.ActiveCfg = Release|ARM64
		{D8D0EFDE-DAEA-41A9-AC18-58DAAA228471}.Release|ARM64.Build.0 = Release|ARM64
		{D8D0EFDE-DAEA-41A9-AC18-58DAAA228471}.Release|ARM64.Deploy.0 = Release|ARM64
		{D8D0EFDE-DAEA-41A9-AC18-58DAAA228471}.Release|x64.ActiveCfg = Release|x64
		{D8D0EFDE-DAEA-41A9-AC18-58DAAA228471}.Release|x64.Build.0 = Release|x64
		{D8D0EFDE-DAEA-41A9-AC18-58DAAA228471}.Release|x64.Deploy.0 = Release|x64
		{D8D0EFDE-DAEA-41A9-AC18-58DAAA228471}.Release|x86.ActiveCfg = Release|x86
		{D8D0EFDE-DAEA-41A9-AC18-58DAAA228471}.Release|x86.Build.0 = Release|x86
		{D8D0EFDE-DAEA-41A9-AC18-58DAAA228471}.Release|x86.Deploy.0 = Release|x86
		{56BAAEA1-0E77-443E-8DC6-F188ED880587}.Debug|Any CPU.ActiveCfg = Debug|Any CPU
		{56BAAEA1-0E77-443E-8DC6-F188ED880587}.Debug|Any CPU.Build.0 = Debug|Any CPU
		{56BAAEA1-0E77-443E-8DC6-F188ED880587}.Debug|Any CPU.Deploy.0 = Debug|Any CPU
		{56BAAEA1-0E77-443E-8DC6-F188ED880587}.Debug|ARM.ActiveCfg = Debug|ARM
		{56BAAEA1-0E77-443E-8DC6-F188ED880587}.Debug|ARM.Build.0 = Debug|ARM
		{56BAAEA1-0E77-443E-8DC6-F188ED880587}.Debug|ARM.Deploy.0 = Debug|ARM
		{56BAAEA1-0E77-443E-8DC6-F188ED880587}.Debug|ARM64.ActiveCfg = Debug|ARM64
		{56BAAEA1-0E77-443E-8DC6-F188ED880587}.Debug|ARM64.Build.0 = Debug|ARM64
		{56BAAEA1-0E77-443E-8DC6-F188ED880587}.Debug|ARM64.Deploy.0 = Debug|ARM64
		{56BAAEA1-0E77-443E-8DC6-F188ED880587}.Debug|x64.ActiveCfg = Debug|x64
		{56BAAEA1-0E77-443E-8DC6-F188ED880587}.Debug|x64.Build.0 = Debug|x64
		{56BAAEA1-0E77-443E-8DC6-F188ED880587}.Debug|x64.Deploy.0 = Debug|x64
		{56BAAEA1-0E77-443E-8DC6-F188ED880587}.Debug|x86.ActiveCfg = Debug|x86
		{56BAAEA1-0E77-443E-8DC6-F188ED880587}.Debug|x86.Build.0 = Debug|x86
		{56BAAEA1-0E77-443E-8DC6-F188ED880587}.Debug|x86.Deploy.0 = Debug|x86
		{56BAAEA1-0E77-443E-8DC6-F188ED880587}.Release|Any CPU.ActiveCfg = Release|Any CPU
		{56BAAEA1-0E77-443E-8DC6-F188ED880587}.Release|Any CPU.Build.0 = Release|Any CPU
		{56BAAEA1-0E77-443E-8DC6-F188ED880587}.Release|Any CPU.Deploy.0 = Release|Any CPU
		{56BAAEA1-0E77-443E-8DC6-F188ED880587}.Release|ARM.ActiveCfg = Release|ARM
		{56BAAEA1-0E77-443E-8DC6-F188ED880587}.Release|ARM.Build.0 = Release|ARM
		{56BAAEA1-0E77-443E-8DC6-F188ED880587}.Release|ARM.Deploy.0 = Release|ARM
		{56BAAEA1-0E77-443E-8DC6-F188ED880587}.Release|ARM64.ActiveCfg = Release|ARM64
		{56BAAEA1-0E77-443E-8DC6-F188ED880587}.Release|ARM64.Build.0 = Release|ARM64
		{56BAAEA1-0E77-443E-8DC6-F188ED880587}.Release|ARM64.Deploy.0 = Release|ARM64
		{56BAAEA1-0E77-443E-8DC6-F188ED880587}.Release|x64.ActiveCfg = Release|x64
		{56BAAEA1-0E77-443E-8DC6-F188ED880587}.Release|x64.Build.0 = Release|x64
		{56BAAEA1-0E77-443E-8DC6-F188ED880587}.Release|x64.Deploy.0 = Release|x64
		{56BAAEA1-0E77-443E-8DC6-F188ED880587}.Release|x86.ActiveCfg = Release|x86
		{56BAAEA1-0E77-443E-8DC6-F188ED880587}.Release|x86.Build.0 = Release|x86
		{56BAAEA1-0E77-443E-8DC6-F188ED880587}.Release|x86.Deploy.0 = Release|x86
	EndGlobalSection
	GlobalSection(SolutionProperties) = preSolution
		HideSolutionNode = FALSE
	EndGlobalSection
	GlobalSection(ExtensibilityGlobals) = postSolution
		SolutionGuid = {6A8932FE-1B65-4D22-A741-F4187EB17E73}
	EndGlobalSection
EndGlobal
